
Microsoft Visual Studio Solution File, Format Version 12.00
# Visual Studio 14
VisualStudioVersion = 14.0.23107.0
MinimumVisualStudioVersion = 10.0.40219.1
Project("{FAE04EC0-301F-11D3-BF4B-00C04F79EFBC}") = "MemcachedLoaderService", "MemcachedLoaderService\MemcachedLoaderService.csproj", "{C9F571AA-9A47-439F-813E-0234BEAA8DA4}"
EndProject
Project("{FAE04EC0-301F-11D3-BF4B-00C04F79EFBC}") = "MemCachedTestClient", "MemCachedTestClient\MemCachedTestClient.csproj", "{2612DF1C-E0AC-4FF6-B6AE-53046D9D1FB5}"
EndProject
Project("{FAE04EC0-301F-11D3-BF4B-00C04F79EFBC}") = "MemcachedLoaderServiceClient", "MemcachedLoaderServiceClient\MemcachedLoaderServiceClient.csproj", "{1D7BD065-0D19-4540-99E9-4A0B5E5BF279}"
EndProject
Project("{FAE04EC0-301F-11D3-BF4B-00C04F79EFBC}") = "MemcachedLoaderServiceTests", "MemcachedLoaderServiceTests\MemcachedLoaderServiceTests.csproj", "{9EE03AB5-FDE9-46F8-A449-2B6FDD74BA6E}"
EndProject
Global
	GlobalSection(SolutionConfigurationPlatforms) = preSolution
		Debug|Any CPU = Debug|Any CPU
		Release|Any CPU = Release|Any CPU
	EndGlobalSection
	GlobalSection(ProjectConfigurationPlatforms) = postSolution
		{C9F571AA-9A47-439F-813E-0234BEAA8DA4}.Debug|Any CPU.ActiveCfg = Debug|Any CPU
		{C9F571AA-9A47-439F-813E-0234BEAA8DA4}.Debug|Any CPU.Build.0 = Debug|Any CPU
		{C9F571AA-9A47-439F-813E-0234BEAA8DA4}.Release|Any CPU.ActiveCfg = Release|Any CPU
		{C9F571AA-9A47-439F-813E-0234BEAA8DA4}.Release|Any CPU.Build.0 = Release|Any CPU
		{2612DF1C-E0AC-4FF6-B6AE-53046D9D1FB5}.Debug|Any CPU.ActiveCfg = Debug|Any CPU
		{2612DF1C-E0AC-4FF6-B6AE-53046D9D1FB5}.Debug|Any CPU.Build.0 = Debug|Any CPU
		{2612DF1C-E0AC-4FF6-B6AE-53046D9D1FB5}.Release|Any CPU.ActiveCfg = Release|Any CPU
		{2612DF1C-E0AC-4FF6-B6AE-53046D9D1FB5}.Release|Any CPU.Build.0 = Release|Any CPU
		{1D7BD065-0D19-4540-99E9-4A0B5E5BF279}.Debug|Any CPU.ActiveCfg = Debug|Any CPU
		{1D7BD065-0D19-4540-99E9-4A0B5E5BF279}.Debug|Any CPU.Build.0 = Debug|Any CPU
		{1D7BD065-0D19-4540-99E9-4A0B5E5BF279}.Release|Any CPU.ActiveCfg = Release|Any CPU
		{1D7BD065-0D19-4540-99E9-4A0B5E5BF279}.Release|Any CPU.Build.0 = Release|Any CPU
		{9EE03AB5-FDE9-46F8-A449-2B6FDD74BA6E}.Debug|Any CPU.ActiveCfg = Debug|Any CPU
		{9EE03AB5-FDE9-46F8-A449-2B6FDD74BA6E}.Debug|Any CPU.Build.0 = Debug|Any CPU
		{9EE03AB5-FDE9-46F8-A449-2B6FDD74BA6E}.Release|Any CPU.ActiveCfg = Release|Any CPU
		{9EE03AB5-FDE9-46F8-A449-2B6FDD74BA6E}.Release|Any CPU.Build.0 = Release|Any CPU
	EndGlobalSection
	GlobalSection(SolutionProperties) = preSolution
		HideSolutionNode = FALSE
	EndGlobalSection
EndGlobal
